
Microsoft Visual Studio Solution File, Format Version 12.00
# Visual Studio Version 16
VisualStudioVersion = 16.0.29326.143
MinimumVisualStudioVersion = 10.0.40219.1
Project("{8BC9CEB8-8B4A-11D0-8D11-00A0C91BC942}") = "复习课第一课_1", "复习课第一课_1.vcxproj", "{B51D7486-5ADC-426C-8715-E1EC32D25222}"
EndProject
Global
	GlobalSection(SolutionConfigurationPlatforms) = preSolution
		Debug|x64 = Debug|x64
		Debug|x86 = Debug|x86
		Release|x64 = Release|x64
		Release|x86 = Release|x86
	EndGlobalSection
	GlobalSection(ProjectConfigurationPlatforms) = postSolution
		{B51D7486-5ADC-426C-8715-E1EC32D25222}.Debug|x64.ActiveCfg = Debug|x64
		{B51D7486-5ADC-426C-8715-E1EC32D25222}.Debug|x64.Build.0 = Debug|x64
		{B51D7486-5ADC-426C-8715-E1EC32D25222}.Debug|x86.ActiveCfg = Debug|Win32
		{B51D7486-5ADC-426C-8715-E1EC32D25222}.Debug|x86.Build.0 = Debug|Win32
		{B51D7486-5ADC-426C-8715-E1EC32D25222}.Release|x64.ActiveCfg = Release|x64
		{B51D7486-5ADC-426C-8715-E1EC32D25222}.Release|x64.Build.0 = Release|x64
		{B51D7486-5ADC-426C-8715-E1EC32D25222}.Release|x86.ActiveCfg = Release|Win32
		{B51D7486-5ADC-426C-8715-E1EC32D25222}.Release|x86.Build.0 = Release|Win32
	EndGlobalSection
	GlobalSection(SolutionProperties) = preSolution
		HideSolutionNode = FALSE
	EndGlobalSection
	GlobalSection(ExtensibilityGlobals) = postSolution
		SolutionGuid = {62C9B413-56FB-4EEA-B528-523EE2EB2E1B}
	EndGlobalSection
EndGlobal
